# This file is automatically @generated by Cargo.
# It is not intended for manual editing.
version = 4

[[package]]
name = "aarch64-cpu"
version = "9.4.0"
source = "registry+https://github.com/rust-lang/crates.io-index"
checksum = "ac42a04a61c19fc8196dd728022a784baecc5d63d7e256c01ad1b3fbfab26287"
dependencies = [
 "tock-registers",
]

[[package]]
name = "acpi"
version = "5.2.0"
source = "registry+https://github.com/rust-lang/crates.io-index"
checksum = "94476c7ef97af4c4d998b3f422c1b01d5211aad57c80ed200baf148d1f1efab6"
dependencies = [
 "bit_field",
 "bitflags 2.9.0",
 "log",
]

[[package]]
name = "ahash"
version = "0.8.11"
source = "registry+https://github.com/rust-lang/crates.io-index"
checksum = "e89da841a80418a9b391ebaea17f5c112ffaaa96f621d2c285b5174da76b9011"
dependencies = [
 "cfg-if",
 "once_cell",
 "version_check",
 "zerocopy 0.7.32",
]

[[package]]
name = "allocator-api2"
version = "0.2.16"
source = "registry+https://github.com/rust-lang/crates.io-index"
checksum = "0942ffc6dcaadf03badf6e6a2d0228460359d5e34b57ccdc720b7382dfbd5ec5"

[[package]]
name = "arm_gicv2"
version = "0.1.0"
source = "registry+https://github.com/rust-lang/crates.io-index"
checksum = "47d25e73c949c69f75d1b9dba39c5475523403b31eb8c2fdc99da4dc33bc1aca"
dependencies = [
 "tock-registers",
]

[[package]]
name = "arm_pl011"
version = "0.1.0"
source = "registry+https://github.com/rust-lang/crates.io-index"
checksum = "efcf6afca4502993a737ba1e00952d1321078689da92bf7aab27d4e5756c0bec"
dependencies = [
 "tock-registers",
]

[[package]]
name = "arrayvec"
version = "0.7.6"
source = "registry+https://github.com/rust-lang/crates.io-index"
checksum = "7c02d123df017efcdfbd739ef81735b36c5ba83ec3c59c80a9d7ecc718f92e50"

[[package]]
name = "async-recursion"
version = "1.1.0"
source = "registry+https://github.com/rust-lang/crates.io-index"
checksum = "30c5ef0ede93efbf733c1a727f3b6b5a1060bbedd5600183e66f6e4be4af0ec5"
dependencies = [
 "proc-macro2",
 "quote",
 "syn",
]

[[package]]
name = "autocfg"
version = "1.4.0"
source = "registry+https://github.com/rust-lang/crates.io-index"
checksum = "ace50bade8e6234aa140d9a2f552bbee1db4d353f69b8217bc503490fc1a9f26"

[[package]]
name = "bit"
version = "0.1.1"
source = "registry+https://github.com/rust-lang/crates.io-index"
checksum = "2b645c5c09a7d4035949cfce1a915785aaad6f17800c35fda8a8c311c491f284"

[[package]]
name = "bit_field"
version = "0.10.2"
source = "registry+https://github.com/rust-lang/crates.io-index"
checksum = "dc827186963e592360843fb5ba4b973e145841266c1357f7180c43526f2e5b61"

[[package]]
name = "bitflags"
version = "1.3.2"
source = "registry+https://github.com/rust-lang/crates.io-index"
checksum = "bef38d45163c2f1dde094a7dfd33ccf595c92905c8f8f4fdc18d06fb1037718a"

[[package]]
name = "bitflags"
version = "2.9.0"
source = "registry+https://github.com/rust-lang/crates.io-index"
checksum = "5c8214115b7bf84099f1309324e63141d4c5d7cc26862f97a0a857dbefe165bd"

[[package]]
name = "buddy_system_allocator"
version = "0.9.0"
source = "registry+https://github.com/rust-lang/crates.io-index"
checksum = "43f9365b6b0c9e1663ca4ca9440c00eda46bc85a3407070be8b5e0d8d1f29629"
dependencies = [
 "spin 0.9.8",
]

[[package]]
name = "cfg-if"
version = "1.0.0"
source = "registry+https://github.com/rust-lang/crates.io-index"
checksum = "baf1de4339761588bc0619e3cbc0120ee582ebb74b53b4efbf79117bd2da40fd"

[[package]]
name = "critical-section"
version = "1.2.0"
source = "registry+https://github.com/rust-lang/crates.io-index"
checksum = "790eea4361631c5e7d22598ecd5723ff611904e3344ce8720784c93e3d83d40b"

[[package]]
name = "devfs"
version = "0.1.0"
dependencies = [
 "bitflags 2.9.0",
 "devices",
 "libc-types",
 "log",
 "sync",
 "syscalls",
 "vfscore",
]

[[package]]
name = "devices"
version = "0.1.0"
dependencies = [
 "fdt-parser",
 "linkme",
 "log",
 "polyhal",
 "runtime",
 "sync",
 "timestamp",
]

[[package]]
name = "downcast-rs"
version = "1.2.0"
source = "registry+https://github.com/rust-lang/crates.io-index"
checksum = "9ea835d29036a4087793836fa931b08837ad5e957da9e23886b29586fb9b6650"

[[package]]
name = "embedded-hal"
version = "1.0.0"
source = "registry+https://github.com/rust-lang/crates.io-index"
checksum = "361a90feb7004eca4019fb28352a9465666b24f840f5c3cddf0ff13920590b89"

[[package]]
name = "embedded-io"
version = "0.6.1"
source = "registry+https://github.com/rust-lang/crates.io-index"
checksum = "edd0f118536f44f5ccd48bcb8b111bdc3de888b58c74639dfb034a357d0f206d"

[[package]]
name = "enumn"
version = "0.1.14"
source = "registry+https://github.com/rust-lang/crates.io-index"
checksum = "2f9ed6b3789237c8a0c1c505af1c7eb2c560df6186f01b098c3a1064ea532f38"
dependencies = [
 "proc-macro2",
 "quote",
 "syn",
]

[[package]]
name = "equivalent"
version = "1.0.2"
source = "registry+https://github.com/rust-lang/crates.io-index"
checksum = "877a4ace8713b0bcf2a4e7eec82529c029f1d0619886d18145fea96c3ffe5c0f"

[[package]]
name = "executor"
version = "0.1.0"
dependencies = [
 "downcast-rs",
 "hashbrown 0.14.5",
 "log",
 "polyhal",
 "sync",
]

[[package]]
name = "ext4_rs"
version = "1.3.1"
source = "registry+https://github.com/rust-lang/crates.io-index"
checksum = "61361204b28ca92b18b5e9590b9cf3444e2f73f9957472e978712690136d8742"
dependencies = [
 "bitflags 2.9.0",
 "log",
]

[[package]]
name = "ext4fs"
version = "0.1.0"
dependencies = [
 "devices",
 "libc-types",
 "log",
 "lwext4_rust",
 "sync",
 "syscalls",
 "vfscore",
]

[[package]]
name = "ext4rsfs"
version = "0.1.0"
dependencies = [
 "devices",
 "ext4_rs",
 "libc-types",
 "log",
 "sync",
 "syscalls",
 "vfscore",
]

[[package]]
name = "fatfs"
version = "0.4.0"
source = "git+https://github.com/byte-os/rust-fatfs.git#3b45ddc5f3991f1a59040404e14da19d149f1dbf"
dependencies = [
 "bitflags 1.3.2",
 "log",
]

[[package]]
name = "fdt-parser"
version = "0.4.12"
source = "registry+https://github.com/rust-lang/crates.io-index"
checksum = "371a22bb791074c597c250202eb46293e301ee49a2bc3b1a4f47839ed74796e9"

[[package]]
name = "fs"
version = "0.1.0"
dependencies = [
 "bitflags 2.9.0",
 "devfs",
 "devices",
 "ext4fs",
 "ext4rsfs",
 "fatfs",
 "libc-types",
 "log",
 "procfs",
 "ramfs",
 "sync",
 "syscalls",
 "vfscore",
]

[[package]]
name = "futures-core"
version = "0.3.28"
source = "registry+https://github.com/rust-lang/crates.io-index"
checksum = "4bca583b7e26f571124fe5b7561d49cb2868d79116cfa0eefce955557c6fee8c"

[[package]]
name = "futures-lite"
version = "1.13.0"
source = "registry+https://github.com/rust-lang/crates.io-index"
checksum = "49a9d51ce47660b1e808d3c990b4709f2f415d928835a17dfd16991515c46bce"
dependencies = [
 "futures-core",
 "pin-project-lite",
]

[[package]]
name = "general-plic"
version = "0.1.0"
dependencies = [
 "devices",
 "log",
]

[[package]]
name = "hashbrown"
version = "0.14.5"
source = "registry+https://github.com/rust-lang/crates.io-index"
checksum = "e5274423e17b7c9fc20b6e7e208532f9b19825d82dfd615708b70edd83df41f1"
dependencies = [
 "ahash",
 "allocator-api2",
]

[[package]]
name = "hashbrown"
version = "0.15.3"
source = "registry+https://github.com/rust-lang/crates.io-index"
checksum = "84b26c544d002229e640969970a2e74021aadf6e2f96372b9c58eff97de08eb3"

[[package]]
name = "indexmap"
version = "2.9.0"
source = "registry+https://github.com/rust-lang/crates.io-index"
checksum = "cea70ddb795996207ad57735b50c5982d8844f38ba9ee5f1aedcfb708a2aa11e"
dependencies = [
 "equivalent",
 "hashbrown 0.15.3",
]

[[package]]
name = "kernel"
version = "0.1.0"
dependencies = [
 "async-recursion",
 "bit_field",
 "bitflags 2.9.0",
 "cfg-if",
 "devices",
 "executor",
 "fs",
 "futures-lite",
 "general-plic",
 "hashbrown 0.14.5",
 "kgoldfish-rtc",
 "kramdisk",
 "kvirtio",
 "libc-types",
 "log",
 "lose-net-stack",
 "ns16550a 0.1.0",
 "polyhal",
 "polyhal-boot",
 "polyhal-trap",
 "runtime",
 "serde",
 "serde_derive",
 "sync",
 "syscalls",
 "toml",
 "vfscore",
 "xmas-elf",
]

[[package]]
name = "kgoldfish-rtc"
version = "0.1.0"
dependencies = [
 "devices",
 "log",
 "timestamp",
]

[[package]]
name = "kramdisk"
version = "0.1.0"
dependencies = [
 "devices",
 "log",
]

[[package]]
name = "kvirtio"
version = "0.1.0"
dependencies = [
 "devices",
 "log",
 "virtio-drivers",
]

[[package]]
name = "lazyinit"
version = "0.2.1"
source = "registry+https://github.com/rust-lang/crates.io-index"
checksum = "3861aac8febbb038673bf945ee47ac67940ca741b94d1bb3ff6066af2a181338"

[[package]]
name = "libc-types"
version = "0.1.0"
dependencies = [
 "bitflags 2.9.0",
 "num_enum 0.7.3",
]

[[package]]
name = "linkme"
version = "0.3.22"
source = "registry+https://github.com/rust-lang/crates.io-index"
checksum = "8b53ad6a33de58864705954edb5ad5d571a010f9e296865ed43dc72a5621b430"
dependencies = [
 "linkme-impl",
]

[[package]]
name = "linkme-impl"
version = "0.3.22"
source = "registry+https://github.com/rust-lang/crates.io-index"
checksum = "04e542a18c94a9b6fcc7adb090fa3ba6b79ee220a16404f325672729f32a66ff"
dependencies = [
 "proc-macro2",
 "quote",
 "syn",
]

[[package]]
name = "lock_api"
version = "0.4.9"
source = "registry+https://github.com/rust-lang/crates.io-index"
checksum = "435011366fe56583b16cf956f9df0095b405b82d76425bc8981c0e22e60ec4df"
dependencies = [
 "autocfg",
 "scopeguard",
]

[[package]]
name = "log"
version = "0.4.27"
source = "registry+https://github.com/rust-lang/crates.io-index"
checksum = "13dc2df351e3202783a1fe0d44375f7295ffb4049267b0f3018346dc122a1d94"

[[package]]
name = "loongArch64"
version = "0.2.4"
source = "registry+https://github.com/rust-lang/crates.io-index"
checksum = "dd48200d465466664e4e899b204b77b5447d60b1ababdad3a2c49ae85417b552"
dependencies = [
 "bit_field",
 "bitflags 1.3.2",
]

[[package]]
name = "lose-net-stack"
version = "0.1.0"
source = "git+https://github.com/byte-os/lose-net-stack?rev=bb99460#bb99460fc226b13e3fd1c7689139c325e9d713ce"
dependencies = [
 "bitflags 2.9.0",
 "log",
 "num_enum 0.6.1",
 "spin 0.9.8",
]

[[package]]
name = "lwext4_rust"
version = "0.2.0"
source = "git+https://github.com/Azure-stars/lwext4_rust.git?rev=ee5131c#ee5131ca3fbb03f39ea0878431aadb521d191122"
dependencies = [
 "log",
]

[[package]]
name = "memchr"
version = "2.7.4"
source = "registry+https://github.com/rust-lang/crates.io-index"
checksum = "78ca9ab1a0babb1e7d5695e3530886289c18cf2f87ec19a575a0abdce112e3a3"

[[package]]
name = "multiboot"
version = "0.8.0"
source = "registry+https://github.com/rust-lang/crates.io-index"
checksum = "f87ad3b7b7bcf5da525c22221e3eb3a020cd68b2d55ae62f629c15e8bc3bd56e"
dependencies = [
 "paste",
]

[[package]]
name = "ns16550a"
version = "0.1.0"
dependencies = [
 "devices",
 "log",
 "ns16550a 0.2.0",
]

[[package]]
name = "ns16550a"
version = "0.2.0"
source = "registry+https://github.com/rust-lang/crates.io-index"
checksum = "a38464b781e571e0447c11c029ce798383b5e79ac3270df63b3254192a05458d"

[[package]]
name = "ns16550a"
version = "0.5.0"
source = "registry+https://github.com/rust-lang/crates.io-index"
checksum = "e3cd8abe9e54bce27659507b94f355c9334378ab15da332b6986b3583ebf7228"

[[package]]
name = "num_enum"
version = "0.6.1"
source = "registry+https://github.com/rust-lang/crates.io-index"
checksum = "7a015b430d3c108a207fd776d2e2196aaf8b1cf8cf93253e3a097ff3085076a1"
dependencies = [
 "num_enum_derive 0.6.1",
]

[[package]]
name = "num_enum"
version = "0.7.3"
source = "registry+https://github.com/rust-lang/crates.io-index"
checksum = "4e613fc340b2220f734a8595782c551f1250e969d87d3be1ae0579e8d4065179"
dependencies = [
 "num_enum_derive 0.7.3",
]

[[package]]
name = "num_enum_derive"
version = "0.6.1"
source = "registry+https://github.com/rust-lang/crates.io-index"
checksum = "96667db765a921f7b295ffee8b60472b686a51d4f21c2ee4ffdb94c7013b65a6"
dependencies = [
 "proc-macro2",
 "quote",
 "syn",
]

[[package]]
name = "num_enum_derive"
version = "0.7.3"
source = "registry+https://github.com/rust-lang/crates.io-index"
checksum = "af1844ef2428cc3e1cb900be36181049ef3d3193c63e43026cfe202983b27a56"
dependencies = [
 "proc-macro2",
 "quote",
 "syn",
]

[[package]]
name = "once_cell"
version = "1.21.0"
source = "registry+https://github.com/rust-lang/crates.io-index"
checksum = "cde51589ab56b20a6f686b2c68f7a0bd6add753d697abf720d63f8db3ab7b1ad"

[[package]]
name = "paste"
version = "1.0.15"
source = "registry+https://github.com/rust-lang/crates.io-index"
checksum = "57c0d7b74b563b49d38dae00a0c37d4d6de9b432382b2892f0574ddcae73fd0a"

[[package]]
name = "pin-project-lite"
version = "0.2.9"
source = "registry+https://github.com/rust-lang/crates.io-index"
checksum = "e0a7ae3ac2f1173085d398531c705756c94a4c56843785df85a60c1a0afac116"

[[package]]
name = "polyhal"
version = "0.3.2"
source = "registry+https://github.com/rust-lang/crates.io-index"
checksum = "559d443624d6a26ce216b888271f1f9644ebf8f1eb84bea04f2b186999e08437"
dependencies = [
 "aarch64-cpu",
 "acpi",
 "arm_gicv2",
 "arm_pl011",
 "arrayvec",
 "autocfg",
 "bitflags 2.9.0",
 "cfg-if",
 "fdt-parser",
 "lazyinit",
 "log",
 "loongArch64",
 "multiboot",
 "ns16550a 0.5.0",
 "polyhal-macro",
 "raw-cpuid 11.0.1",
 "riscv",
 "sbi-rt",
 "spin 0.10.0",
 "tock-registers",
 "uart_16550",
 "x2apic",
 "x86",
 "x86_64",
]

[[package]]
name = "polyhal-boot"
version = "0.3.2"
source = "registry+https://github.com/rust-lang/crates.io-index"
checksum = "b3a13044bfe59da23027c4e8862d11a342840a8c202901cd3dca21b51c037798"
dependencies = [
 "aarch64-cpu",
 "cfg-if",
 "loongArch64",
 "multiboot",
 "polyhal",
 "raw-cpuid 11.0.1",
 "riscv",
 "tock-registers",
 "x86",
 "x86_64",
]

[[package]]
name = "polyhal-macro"
version = "0.3.2"
source = "registry+https://github.com/rust-lang/crates.io-index"
checksum = "229e663dfa642befe27cc449cc841b879818f1f33c8d69535e8614ab74bc5ce6"
dependencies = [
 "proc-macro-crate",
 "proc-macro2",
 "quote",
 "syn",
]

[[package]]
name = "polyhal-trap"
version = "0.3.2"
source = "registry+https://github.com/rust-lang/crates.io-index"
checksum = "7cf4c6c8c330789129a3a7e10c62977b55f98e869bb4f5f2244dec1cdb530d77"
dependencies = [
 "aarch64-cpu",
 "bitflags 2.9.0",
 "log",
 "loongArch64",
 "multiboot",
 "polyhal",
 "polyhal-macro",
 "raw-cpuid 11.0.1",
 "riscv",
 "tock-registers",
 "x86",
 "x86_64",
]

[[package]]
name = "proc-macro-crate"
version = "3.3.0"
source = "registry+https://github.com/rust-lang/crates.io-index"
checksum = "edce586971a4dfaa28950c6f18ed55e0406c1ab88bbce2c6f6293a7aaba73d35"
dependencies = [
 "toml_edit",
]

[[package]]
name = "proc-macro2"
version = "1.0.95"
source = "registry+https://github.com/rust-lang/crates.io-index"
checksum = "02b3e5e68a3a1a02aad3ec490a98007cbc13c37cbe84a3cd7b8e406d76e7f778"
dependencies = [
 "unicode-ident",
]

[[package]]
name = "procfs"
version = "0.1.0"
dependencies = [
 "libc-types",
 "log",
 "sync",
 "syscalls",
 "vfscore",
]

[[package]]
name = "quote"
version = "1.0.35"
source = "registry+https://github.com/rust-lang/crates.io-index"
checksum = "291ec9ab5efd934aaf503a6466c5d5251535d108ee747472c3977cc5acc868ef"
dependencies = [
 "proc-macro2",
]

[[package]]
name = "ramfs"
version = "0.1.0"
dependencies = [
 "libc-types",
 "log",
 "polyhal",
 "runtime",
 "sync",
 "syscalls",
 "vfscore",
]

[[package]]
name = "raw-cpuid"
version = "10.7.0"
source = "registry+https://github.com/rust-lang/crates.io-index"
checksum = "6c297679cb867470fa8c9f67dbba74a78d78e3e98d7cf2b08d6d71540f797332"
dependencies = [
 "bitflags 1.3.2",
]

[[package]]
name = "raw-cpuid"
version = "11.0.1"
source = "registry+https://github.com/rust-lang/crates.io-index"
checksum = "9d86a7c4638d42c44551f4791a20e687dbb4c3de1f33c43dd71e355cd429def1"
dependencies = [
 "bitflags 2.9.0",
]

[[package]]
name = "riscv"
version = "0.13.0"
source = "registry+https://github.com/rust-lang/crates.io-index"
checksum = "afa3cdbeccae4359f6839a00e8b77e5736caa200ba216caf38d24e4c16e2b586"
dependencies = [
 "critical-section",
 "embedded-hal",
 "paste",
 "riscv-macros",
 "riscv-pac",
]

[[package]]
name = "riscv-macros"
version = "0.2.0"
source = "registry+https://github.com/rust-lang/crates.io-index"
checksum = "e8c4aa1ea1af6dcc83a61be12e8189f9b293c3ba5a487778a4cd89fb060fdbbc"
dependencies = [
 "proc-macro2",
 "quote",
 "syn",
]

[[package]]
name = "riscv-pac"
version = "0.2.0"
source = "registry+https://github.com/rust-lang/crates.io-index"
checksum = "8188909339ccc0c68cfb5a04648313f09621e8b87dc03095454f1a11f6c5d436"

[[package]]
name = "runtime"
version = "0.1.0"
dependencies = [
 "bit_field",
 "buddy_system_allocator",
 "log",
 "polyhal",
 "sync",
]

[[package]]
name = "rustversion"
version = "1.0.12"
source = "registry+https://github.com/rust-lang/crates.io-index"
checksum = "4f3208ce4d8448b3f3e7d168a73f5e0c43a61e32930de3bceeccedb388b6bf06"

[[package]]
name = "sbi-rt"
version = "0.0.2"
source = "registry+https://github.com/rust-lang/crates.io-index"
checksum = "8c113c53291db8ac141e01f43224ed488b8d6001ab66737b82e04695a43a42b7"
dependencies = [
 "sbi-spec",
]

[[package]]
name = "sbi-spec"
version = "0.0.4"
source = "registry+https://github.com/rust-lang/crates.io-index"
checksum = "6d4027cf9bb591a9fd0fc0e283be6165c5abe96cb73e9f0e24738c227f425377"
dependencies = [
 "static_assertions",
]

[[package]]
name = "scopeguard"
version = "1.1.0"
source = "registry+https://github.com/rust-lang/crates.io-index"
checksum = "d29ab0c6d3fc0ee92fe66e2d99f700eab17a8d57d1c1d3b748380fb20baa78cd"

[[package]]
name = "serde"
version = "1.0.188"
source = "registry+https://github.com/rust-lang/crates.io-index"
checksum = "cf9e0fcba69a370eed61bcf2b728575f726b50b55cba78064753d708ddc7549e"
dependencies = [
 "serde_derive",
]

[[package]]
name = "serde_derive"
version = "1.0.188"
source = "registry+https://github.com/rust-lang/crates.io-index"
checksum = "4eca7ac642d82aa35b60049a6eccb4be6be75e599bd2e9adb5f875a737654af2"
dependencies = [
 "proc-macro2",
 "quote",
 "syn",
]

[[package]]
name = "spin"
version = "0.9.8"
source = "registry+https://github.com/rust-lang/crates.io-index"
checksum = "6980e8d7511241f8acf4aebddbb1ff938df5eebe98691418c4468d0b72a96a67"
dependencies = [
 "lock_api",
]

[[package]]
name = "spin"
version = "0.10.0"
source = "registry+https://github.com/rust-lang/crates.io-index"
checksum = "d5fe4ccb98d9c292d56fec89a5e07da7fc4cf0dc11e156b41793132775d3e591"
dependencies = [
 "lock_api",
]

[[package]]
name = "static_assertions"
version = "1.1.0"
source = "registry+https://github.com/rust-lang/crates.io-index"
checksum = "a2eb9349b6444b326872e140eb1cf5e7c522154d69e7a0ffb0fb81c06b37543f"

[[package]]
name = "syn"
version = "2.0.100"
source = "registry+https://github.com/rust-lang/crates.io-index"
checksum = "b09a44accad81e1ba1cd74a32461ba89dee89095ba17b32f5d03683b1b1fc2a0"
dependencies = [
 "proc-macro2",
 "quote",
 "unicode-ident",
]

[[package]]
name = "sync"
version = "0.1.0"
dependencies = [
 "spin 0.9.8",
]

[[package]]
name = "syscalls"
version = "0.6.18"
source = "git+https://github.com/jasonwhite/syscalls.git#92624de3dee33427fde46da083809d7e86a721ec"

[[package]]
name = "thiserror"
version = "2.0.12"
source = "registry+https://github.com/rust-lang/crates.io-index"
checksum = "567b8a2dae586314f7be2a752ec7474332959c6460e02bde30d702a66d488708"
dependencies = [
 "thiserror-impl",
]

[[package]]
name = "thiserror-impl"
version = "2.0.12"
source = "registry+https://github.com/rust-lang/crates.io-index"
checksum = "7f7cf42b4507d8ea322120659672cf1b9dbb93f8f2d4ecfd6e51350ff5b17a1d"
dependencies = [
 "proc-macro2",
 "quote",
 "syn",
]

[[package]]
name = "timestamp"
version = "0.1.0"
source = "git+https://github.com/Byte-OS/timestamp.git#0394ccfa14db1912047a0a3e7e1c38b027856165"

[[package]]
name = "tock-registers"
version = "0.8.1"
source = "registry+https://github.com/rust-lang/crates.io-index"
checksum = "696941a0aee7e276a165a978b37918fd5d22c55c3d6bda197813070ca9c0f21c"

[[package]]
name = "toml"
version = "0.5.11"
source = "registry+https://github.com/rust-lang/crates.io-index"
checksum = "f4f7f0dd8d50a853a531c426359045b1998f04219d88799810762cd4ad314234"
dependencies = [
 "serde",
]

[[package]]
name = "toml_datetime"
version = "0.6.9"
source = "registry+https://github.com/rust-lang/crates.io-index"
checksum = "3da5db5a963e24bc68be8b17b6fa82814bb22ee8660f192bb182771d498f09a3"

[[package]]
name = "toml_edit"
version = "0.22.26"
source = "registry+https://github.com/rust-lang/crates.io-index"
checksum = "310068873db2c5b3e7659d2cc35d21855dbafa50d1ce336397c666e3cb08137e"
dependencies = [
 "indexmap",
 "toml_datetime",
 "winnow",
]

[[package]]
name = "uart_16550"
version = "0.3.2"
source = "registry+https://github.com/rust-lang/crates.io-index"
checksum = "e492212ac378a5e00da953718dafb1340d9fbaf4f27d6f3c5cab03d931d1c049"
dependencies = [
 "bitflags 2.9.0",
 "rustversion",
 "x86",
]

[[package]]
name = "unicode-ident"
version = "1.0.8"
source = "registry+https://github.com/rust-lang/crates.io-index"
checksum = "e5464a87b239f13a63a501f2701565754bae92d243d4bb7eb12f6d57d2269bf4"

[[package]]
name = "version_check"
version = "0.9.5"
source = "registry+https://github.com/rust-lang/crates.io-index"
checksum = "0b928f33d975fc6ad9f86c8f283853ad26bdd5b10b7f1542aa2fa15e2289105a"

[[package]]
name = "vfscore"
version = "0.1.0"
dependencies = [
 "bitflags 2.9.0",
 "downcast-rs",
 "libc-types",
 "syscalls",
]

[[package]]
name = "virtio-drivers"
version = "0.8.0"
source = "registry+https://github.com/rust-lang/crates.io-index"
checksum = "7bd4fd93e64b9eb17127b3f65e6e4c704d8c0607cc1e1bb7fb129777faf5371b"
dependencies = [
 "bitflags 2.9.0",
 "embedded-io",
 "enumn",
 "log",
 "thiserror",
 "zerocopy 0.8.24",
]

[[package]]
name = "volatile"
version = "0.4.6"
source = "registry+https://github.com/rust-lang/crates.io-index"
checksum = "442887c63f2c839b346c192d047a7c87e73d0689c9157b00b53dcc27dd5ea793"

[[package]]
name = "winnow"
version = "0.7.10"
source = "registry+https://github.com/rust-lang/crates.io-index"
checksum = "c06928c8748d81b05c9be96aad92e1b6ff01833332f281e8cfca3be4b35fc9ec"
dependencies = [
 "memchr",
]

[[package]]
name = "x2apic"
version = "0.5.0"
source = "registry+https://github.com/rust-lang/crates.io-index"
checksum = "db5cbcb7faedfa15f90376004ffc0cb42e427623ab56629f0073d275ee8e7043"
dependencies = [
 "bit",
 "bitflags 1.3.2",
 "paste",
 "raw-cpuid 10.7.0",
 "x86_64",
]

[[package]]
name = "x86"
version = "0.52.0"
source = "registry+https://github.com/rust-lang/crates.io-index"
checksum = "2781db97787217ad2a2845c396a5efe286f87467a5810836db6d74926e94a385"
dependencies = [
 "bit_field",
 "bitflags 1.3.2",
 "raw-cpuid 10.7.0",
]

[[package]]
name = "x86_64"
version = "0.15.2"
source = "registry+https://github.com/rust-lang/crates.io-index"
checksum = "0f042214de98141e9c8706e8192b73f56494087cc55ebec28ce10f26c5c364ae"
dependencies = [
 "bit_field",
 "bitflags 2.9.0",
 "rustversion",
 "volatile",
]

[[package]]
name = "xmas-elf"
version = "0.9.0"
source = "registry+https://github.com/rust-lang/crates.io-index"
checksum = "f820cc767d65b32eef9d7ce7201448f28501c59edc55d47b71375fea579fc2df"
dependencies = [
 "zero",
]

[[package]]
name = "zero"
version = "0.1.3"
source = "registry+https://github.com/rust-lang/crates.io-index"
checksum = "2fe21bcc34ca7fe6dd56cc2cb1261ea59d6b93620215aefb5ea6032265527784"

[[package]]
name = "zerocopy"
version = "0.7.32"
source = "registry+https://github.com/rust-lang/crates.io-index"
checksum = "74d4d3961e53fa4c9a25a8637fc2bfaf2595b3d3ae34875568a5cf64787716be"
dependencies = [
 "zerocopy-derive 0.7.32",
]

[[package]]
name = "zerocopy"
version = "0.8.24"
source = "registry+https://github.com/rust-lang/crates.io-index"
checksum = "2586fea28e186957ef732a5f8b3be2da217d65c5969d4b1e17f973ebbe876879"
dependencies = [
 "zerocopy-derive 0.8.24",
]

[[package]]
name = "zerocopy-derive"
version = "0.7.32"
source = "registry+https://github.com/rust-lang/crates.io-index"
checksum = "9ce1b18ccd8e73a9321186f97e46f9f04b778851177567b1975109d26a08d2a6"
dependencies = [
 "proc-macro2",
 "quote",
 "syn",
]

[[package]]
name = "zerocopy-derive"
version = "0.8.24"
source = "registry+https://github.com/rust-lang/crates.io-index"
checksum = "a996a8f63c5c4448cd959ac1bab0aaa3306ccfd060472f85943ee0750f0169be"
dependencies = [
 "proc-macro2",
 "quote",
 "syn",
]
