# This file is automatically @generated by Cargo.
# It is not intended for manual editing.
version = 3

[[package]]
name = "aarch64-cpu"
version = "9.4.0"
source = "registry+https://github.com/rust-lang/crates.io-index"
checksum = "ac42a04a61c19fc8196dd728022a784baecc5d63d7e256c01ad1b3fbfab26287"
dependencies = [
 "tock-registers",
]

[[package]]
name = "arm_gic"
version = "0.1.0"
source = "git+https://github.com/Byte-OS/arm_gic#7a0693ebe4113cfeb2f5ee93920e6e7ea3afe99a"
dependencies = [
 "tock-registers",
]

[[package]]
name = "arm_pl011"
version = "0.1.0"
source = "git+https://github.com/Byte-OS/arm_pl011.git#8a66e24c7e6ac2a01841cd29c5e1690323aa1d8d"
dependencies = [
 "tock-registers",
]

[[package]]
name = "autocfg"
version = "1.3.0"
source = "registry+https://github.com/rust-lang/crates.io-index"
checksum = "0c4b4d0bd25bd0b74681c0ad21497610ce1b7c91b1022cd21c80c6fbdd9476b0"

[[package]]
name = "bit"
version = "0.1.1"
source = "registry+https://github.com/rust-lang/crates.io-index"
checksum = "2b645c5c09a7d4035949cfce1a915785aaad6f17800c35fda8a8c311c491f284"

[[package]]
name = "bit_field"
version = "0.10.2"
source = "registry+https://github.com/rust-lang/crates.io-index"
checksum = "dc827186963e592360843fb5ba4b973e145841266c1357f7180c43526f2e5b61"

[[package]]
name = "bitflags"
version = "1.3.2"
source = "registry+https://github.com/rust-lang/crates.io-index"
checksum = "bef38d45163c2f1dde094a7dfd33ccf595c92905c8f8f4fdc18d06fb1037718a"

[[package]]
name = "bitflags"
version = "2.5.0"
source = "registry+https://github.com/rust-lang/crates.io-index"
checksum = "cf4b9d6a944f767f8e5e0db018570623c85f3d925ac718db4e06d0187adb21c1"

[[package]]
name = "byteorder"
version = "1.5.0"
source = "registry+https://github.com/rust-lang/crates.io-index"
checksum = "1fd0f2584146f6f2ef48085050886acf353beff7305ebd1ae69500e27c67f64b"

[[package]]
name = "cfg-if"
version = "1.0.0"
source = "registry+https://github.com/rust-lang/crates.io-index"
checksum = "baf1de4339761588bc0619e3cbc0120ee582ebb74b53b4efbf79117bd2da40fd"

[[package]]
name = "critical-section"
version = "1.1.2"
source = "registry+https://github.com/rust-lang/crates.io-index"
checksum = "7059fff8937831a9ae6f0fe4d658ffabf58f2ca96aa9dec1c889f936f705f216"

[[package]]
name = "cstr_core"
version = "0.2.6"
source = "registry+https://github.com/rust-lang/crates.io-index"
checksum = "dd98742e4fdca832d40cab219dc2e3048de17d873248f83f17df47c1bea70956"
dependencies = [
 "cty",
 "memchr",
]

[[package]]
name = "cty"
version = "0.2.2"
source = "registry+https://github.com/rust-lang/crates.io-index"
checksum = "b365fabc795046672053e29c954733ec3b05e4be654ab130fe8f1f94d7051f35"

[[package]]
name = "devfs"
version = "0.1.0"
source = "git+https://github.com/Byte-OS/devfs.git#c5e510dfbedbe42866fa4ab23fecfd8d7f596dff"
dependencies = [
 "bitflags 2.5.0",
 "devices",
 "hal",
 "log",
 "logging",
 "num-derive",
 "num-traits",
 "sync",
 "vfscore",
]

[[package]]
name = "devices"
version = "0.1.0"
source = "git+https://github.com/Byte-OS/devices.git#28ba385a63b5ba6e08131f022551ad66edb490c9"
dependencies = [
 "fdt",
 "frame_allocator",
 "linkme",
 "log",
 "polyhal",
 "sync",
 "timestamp",
 "virtio-drivers",
]

[[package]]
name = "downcast-rs"
version = "1.2.1"
source = "registry+https://github.com/rust-lang/crates.io-index"
checksum = "75b325c5dbd37f80359721ad39aca5a29fb04c89279657cffdda8736d0c0b9d2"

[[package]]
name = "either"
version = "1.12.0"
source = "registry+https://github.com/rust-lang/crates.io-index"
checksum = "3dca9240753cf90908d7e4aac30f630662b02aebaa1b58a3cadabdb23385b58b"

[[package]]
name = "embedded-hal"
version = "1.0.0"
source = "registry+https://github.com/rust-lang/crates.io-index"
checksum = "361a90feb7004eca4019fb28352a9465666b24f840f5c3cddf0ff13920590b89"

[[package]]
name = "ext4_rs"
version = "1.0.0"
source = "git+https://github.com/yuoo655/ext4_rs.git#e8d9cd5812e959b593425565707bf03741bae83d"
dependencies = [
 "bitflags 2.5.0",
 "byteorder",
 "log",
]

[[package]]
name = "fatfs"
version = "0.4.0"
source = "git+https://github.com/byte-os/rust-fatfs.git#3b45ddc5f3991f1a59040404e14da19d149f1dbf"
dependencies = [
 "bitflags 1.3.2",
 "log",
]

[[package]]
name = "fdt"
version = "0.1.5"
source = "registry+https://github.com/rust-lang/crates.io-index"
checksum = "784a4df722dc6267a04af36895398f59d21d07dce47232adf31ec0ff2fa45e67"

[[package]]
name = "frame_allocator"
version = "0.1.0"
source = "git+https://github.com/Byte-OS/bit_frame_allocator.git#e401675aef8a404cdda5c09c603afd51fe3231a9"
dependencies = [
 "bit_field",
 "log",
 "polyhal",
 "sync",
]

[[package]]
name = "fs"
version = "0.1.0"
dependencies = [
 "devfs",
 "devices",
 "ext4_rs",
 "fatfs",
 "frame_allocator",
 "log",
 "logging",
 "lwext4_rust",
 "procfs",
 "ramfs",
 "sync",
 "vfscore",
]

[[package]]
name = "hal"
version = "0.1.0"
source = "git+https://github.com/Byte-OS/hal.git#6f40272c10b59062dfb3dc37de2fddf58912002e"
dependencies = [
 "frame_allocator",
 "log",
 "polyhal",
]

[[package]]
name = "irq_safety"
version = "0.1.1"
source = "git+https://github.com/theseus-os/irq_safety.git#11bfab9f410a898df1e42ad6213488612e20c926"
dependencies = [
 "spin",
]

[[package]]
name = "itertools"
version = "0.9.0"
source = "registry+https://github.com/rust-lang/crates.io-index"
checksum = "284f18f85651fe11e8a991b2adb42cb078325c996ed026d994719efcfca1d54b"
dependencies = [
 "either",
]

[[package]]
name = "linkme"
version = "0.3.26"
source = "registry+https://github.com/rust-lang/crates.io-index"
checksum = "833222afbfe72868ac8f9770c91a33673f0d5fefc37c9dbe94aa3548b571623f"
dependencies = [
 "linkme-impl",
]

[[package]]
name = "linkme-impl"
version = "0.3.26"
source = "registry+https://github.com/rust-lang/crates.io-index"
checksum = "39f0dea92dbea3271557cc2e1848723967bba81f722f95026860974ec9283f08"
dependencies = [
 "proc-macro2",
 "quote",
 "syn",
]

[[package]]
name = "lock_api"
version = "0.4.12"
source = "registry+https://github.com/rust-lang/crates.io-index"
checksum = "07af8b9cdd281b7915f413fa73f29ebd5d55d0d3f0155584dade1ff18cea1b17"
dependencies = [
 "autocfg",
 "scopeguard",
]

[[package]]
name = "log"
version = "0.4.21"
source = "registry+https://github.com/rust-lang/crates.io-index"
checksum = "90ed8c1e510134f979dbc4f070f87d4313098b704861a105fe34231c70a3901c"

[[package]]
name = "logging"
version = "0.1.0"
source = "git+https://github.com/Byte-OS/logging.git#3e749346c6085e89b4ae61e520a0cfeadd222f11"
dependencies = [
 "devices",
 "log",
 "polyhal",
 "sync",
]

[[package]]
name = "loongArch64"
version = "0.2.4"
source = "registry+https://github.com/rust-lang/crates.io-index"
checksum = "dd48200d465466664e4e899b204b77b5447d60b1ababdad3a2c49ae85417b552"
dependencies = [
 "bit_field",
 "bitflags 1.3.2",
]

[[package]]
name = "lwext4_rust"
version = "0.2.0"
source = "git+https://github.com/elliott10/lwext4_rust.git#27a87dea8f24ef9433cb1fe5e90cfcd8860f7360"
dependencies = [
 "log",
 "printf-compat",
]

[[package]]
name = "memchr"
version = "2.7.2"
source = "registry+https://github.com/rust-lang/crates.io-index"
checksum = "6c8640c5d730cb13ebd907d8d04b52f55ac9a2eec55b440c8892f40d56c76c1d"

[[package]]
name = "multiboot"
version = "0.8.0"
source = "registry+https://github.com/rust-lang/crates.io-index"
checksum = "f87ad3b7b7bcf5da525c22221e3eb3a020cd68b2d55ae62f629c15e8bc3bd56e"
dependencies = [
 "paste",
]

[[package]]
name = "num-derive"
version = "0.4.2"
source = "registry+https://github.com/rust-lang/crates.io-index"
checksum = "ed3955f1a9c7c0c15e092f9c887db08b1fc683305fdf6eb6684f22555355e202"
dependencies = [
 "proc-macro2",
 "quote",
 "syn",
]

[[package]]
name = "num-traits"
version = "0.2.19"
source = "registry+https://github.com/rust-lang/crates.io-index"
checksum = "071dfc062690e90b734c0b2273ce72ad0ffa95f0c74596bc250dcfd960262841"
dependencies = [
 "autocfg",
]

[[package]]
name = "paste"
version = "1.0.15"
source = "registry+https://github.com/rust-lang/crates.io-index"
checksum = "57c0d7b74b563b49d38dae00a0c37d4d6de9b432382b2892f0574ddcae73fd0a"

[[package]]
name = "percpu"
version = "0.1.0"
source = "git+https://github.com/Byte-OS/percpu.git#a71e60e376ac28cdf1a46312e2705b864c07732e"
dependencies = [
 "cfg-if",
 "percpu_macros",
 "spin",
 "x86",
]

[[package]]
name = "percpu_macros"
version = "0.1.0"
source = "git+https://github.com/Byte-OS/percpu.git#a71e60e376ac28cdf1a46312e2705b864c07732e"
dependencies = [
 "proc-macro2",
 "quote",
 "syn",
]

[[package]]
name = "polyhal"
version = "0.1.0"
source = "git+https://github.com/Byte-OS/polyhal.git#5a21fc1c7ccba9f799acee6786163aa14b0a15d2"
dependencies = [
 "aarch64-cpu",
 "arm_gic",
 "arm_pl011",
 "bitflags 2.5.0",
 "cfg-if",
 "fdt",
 "irq_safety",
 "log",
 "loongArch64",
 "multiboot",
 "percpu",
 "polyhal-macro",
 "raw-cpuid 11.0.2",
 "riscv",
 "sbi-rt",
 "spin",
 "tock-registers",
 "x2apic",
 "x86",
 "x86_64",
]

[[package]]
name = "polyhal-macro"
version = "0.1.0"
source = "git+https://github.com/Byte-OS/polyhal.git#5a21fc1c7ccba9f799acee6786163aa14b0a15d2"
dependencies = [
 "proc-macro2",
 "quote",
 "syn",
]

[[package]]
name = "printf-compat"
version = "0.1.1"
source = "registry+https://github.com/rust-lang/crates.io-index"
checksum = "3b002af28ffe3d3d67202ae717810a28125a494d5396debc43de01ee136ac404"
dependencies = [
 "bitflags 1.3.2",
 "cstr_core",
 "cty",
 "itertools",
]

[[package]]
name = "proc-macro2"
version = "1.0.84"
source = "registry+https://github.com/rust-lang/crates.io-index"
checksum = "ec96c6a92621310b51366f1e28d05ef11489516e93be030060e5fc12024a49d6"
dependencies = [
 "unicode-ident",
]

[[package]]
name = "procfs"
version = "0.1.0"
source = "git+https://github.com/Byte-OS/procfs.git#0477d4ee50bf00700e507f3f192c499a36d5265f"
dependencies = [
 "log",
 "sync",
 "vfscore",
]

[[package]]
name = "quote"
version = "1.0.36"
source = "registry+https://github.com/rust-lang/crates.io-index"
checksum = "0fa76aaf39101c457836aec0ce2316dbdc3ab723cdda1c6bd4e6ad4208acaca7"
dependencies = [
 "proc-macro2",
]

[[package]]
name = "ramfs"
version = "0.1.0"
source = "git+https://github.com/Byte-OS/ramfs.git#57167265b20e428295c33e0c4e33eaf8ab7f3638"
dependencies = [
 "frame_allocator",
 "log",
 "polyhal",
 "sync",
 "vfscore",
]

[[package]]
name = "raw-cpuid"
version = "10.7.0"
source = "registry+https://github.com/rust-lang/crates.io-index"
checksum = "6c297679cb867470fa8c9f67dbba74a78d78e3e98d7cf2b08d6d71540f797332"
dependencies = [
 "bitflags 1.3.2",
]

[[package]]
name = "raw-cpuid"
version = "11.0.2"
source = "registry+https://github.com/rust-lang/crates.io-index"
checksum = "e29830cbb1290e404f24c73af91c5d8d631ce7e128691e9477556b540cd01ecd"
dependencies = [
 "bitflags 2.5.0",
]

[[package]]
name = "riscv"
version = "0.11.1"
source = "registry+https://github.com/rust-lang/crates.io-index"
checksum = "2f5c1b8bf41ea746266cdee443d1d1e9125c86ce1447e1a2615abd34330d33a9"
dependencies = [
 "critical-section",
 "embedded-hal",
]

[[package]]
name = "rustversion"
version = "1.0.17"
source = "registry+https://github.com/rust-lang/crates.io-index"
checksum = "955d28af4278de8121b7ebeb796b6a45735dc01436d898801014aced2773a3d6"

[[package]]
name = "sbi-rt"
version = "0.0.2"
source = "registry+https://github.com/rust-lang/crates.io-index"
checksum = "8c113c53291db8ac141e01f43224ed488b8d6001ab66737b82e04695a43a42b7"
dependencies = [
 "sbi-spec",
]

[[package]]
name = "sbi-spec"
version = "0.0.4"
source = "registry+https://github.com/rust-lang/crates.io-index"
checksum = "6d4027cf9bb591a9fd0fc0e283be6165c5abe96cb73e9f0e24738c227f425377"
dependencies = [
 "static_assertions",
]

[[package]]
name = "scopeguard"
version = "1.2.0"
source = "registry+https://github.com/rust-lang/crates.io-index"
checksum = "94143f37725109f92c262ed2cf5e59bce7498c01bcc1502d7b9afe439a4e9f49"

[[package]]
name = "spin"
version = "0.9.8"
source = "registry+https://github.com/rust-lang/crates.io-index"
checksum = "6980e8d7511241f8acf4aebddbb1ff938df5eebe98691418c4468d0b72a96a67"
dependencies = [
 "lock_api",
]

[[package]]
name = "static_assertions"
version = "1.1.0"
source = "registry+https://github.com/rust-lang/crates.io-index"
checksum = "a2eb9349b6444b326872e140eb1cf5e7c522154d69e7a0ffb0fb81c06b37543f"

[[package]]
name = "syn"
version = "2.0.66"
source = "registry+https://github.com/rust-lang/crates.io-index"
checksum = "c42f3f41a2de00b01c0aaad383c5a45241efc8b2d1eda5661812fda5f3cdcff5"
dependencies = [
 "proc-macro2",
 "quote",
 "unicode-ident",
]

[[package]]
name = "sync"
version = "0.1.0"
source = "git+https://github.com/Byte-OS/sync.git#8c5f094d85cd7f4574bb6035c87d94dc5dee3998"
dependencies = [
 "spin",
]

[[package]]
name = "timestamp"
version = "0.1.0"
source = "git+https://github.com/Byte-OS/timestamp.git#0394ccfa14db1912047a0a3e7e1c38b027856165"

[[package]]
name = "tock-registers"
version = "0.8.1"
source = "registry+https://github.com/rust-lang/crates.io-index"
checksum = "696941a0aee7e276a165a978b37918fd5d22c55c3d6bda197813070ca9c0f21c"

[[package]]
name = "unicode-ident"
version = "1.0.12"
source = "registry+https://github.com/rust-lang/crates.io-index"
checksum = "3354b9ac3fae1ff6755cb6db53683adb661634f67557942dea4facebec0fee4b"

[[package]]
name = "vfscore"
version = "0.1.0"
source = "git+https://github.com/Byte-OS/vfscore.git#63092dfae0c3a865ca5dc9292d628e10c6b82392"
dependencies = [
 "bitflags 2.5.0",
 "downcast-rs",
]

[[package]]
name = "virtio-drivers"
version = "0.7.1"
source = "git+https://github.com/rcore-os/virtio-drivers?rev=61ece50#61ece509c40f32c03378a7a037ef9863ed5deba7"
dependencies = [
 "bitflags 2.5.0",
 "log",
 "zerocopy",
]

[[package]]
name = "volatile"
version = "0.4.6"
source = "registry+https://github.com/rust-lang/crates.io-index"
checksum = "442887c63f2c839b346c192d047a7c87e73d0689c9157b00b53dcc27dd5ea793"

[[package]]
name = "x2apic"
version = "0.4.3"
source = "registry+https://github.com/rust-lang/crates.io-index"
checksum = "cbcd582541cbb8ef1dfc24a3c849a64ff074b1b512af723ad90056558d424602"
dependencies = [
 "bit",
 "bitflags 1.3.2",
 "paste",
 "raw-cpuid 10.7.0",
 "x86_64",
]

[[package]]
name = "x86"
version = "0.52.0"
source = "registry+https://github.com/rust-lang/crates.io-index"
checksum = "2781db97787217ad2a2845c396a5efe286f87467a5810836db6d74926e94a385"
dependencies = [
 "bit_field",
 "bitflags 1.3.2",
 "raw-cpuid 10.7.0",
]

[[package]]
name = "x86_64"
version = "0.14.12"
source = "registry+https://github.com/rust-lang/crates.io-index"
checksum = "96cb6fd45bfeab6a5055c5bffdb08768bd0c069f1d946debe585bbb380a7c062"
dependencies = [
 "bit_field",
 "bitflags 2.5.0",
 "rustversion",
 "volatile",
]

[[package]]
name = "zerocopy"
version = "0.7.34"
source = "registry+https://github.com/rust-lang/crates.io-index"
checksum = "ae87e3fcd617500e5d106f0380cf7b77f3c6092aae37191433159dda23cfb087"
dependencies = [
 "byteorder",
 "zerocopy-derive",
]

[[package]]
name = "zerocopy-derive"
version = "0.7.34"
source = "registry+https://github.com/rust-lang/crates.io-index"
checksum = "15e934569e47891f7d9411f1a451d947a60e000ab3bd24fbb970f000387d1b3b"
dependencies = [
 "proc-macro2",
 "quote",
 "syn",
]
